// !$*UTF8*$!
{
	archiveVersion = 1;
	classes = {
	};
	objectVersion = 46;
	objects = {

/* Begin PBXBuildFile section */
		43D6F9651A12E3B7440D164B /* Calculator.m in Sources */ = {isa = PBXBuildFile; fileRef = 43D6F713419AF161FD0FB69C /* Calculator.m */; };
		B224E8311EC8F4840039A911 /* Localizable.strings in Resources */ = {isa = PBXBuildFile; fileRef = B224E8331EC8F4840039A911 /* Localizable.strings */; };
		B25106D51EB734A80092D911 /* main.m in Sources */ = {isa = PBXBuildFile; fileRef = B25106D41EB734A80092D911 /* main.m */; };
		B25106E01EB7356F0092D911 /* Calculator.m in Sources */ = {isa = PBXBuildFile; fileRef = B25106DB1EB7356F0092D911 /* Calculator.m */; };
		B25106E11EB7356F0092D911 /* Helper.m in Sources */ = {isa = PBXBuildFile; fileRef = B25106DD1EB7356F0092D911 /* Helper.m */; };
		B25106E21EB7356F0092D911 /* TabView.m in Sources */ = {isa = PBXBuildFile; fileRef = B25106DF1EB7356F0092D911 /* TabView.m */; };
		B2B92BEE1EB05F3500278E7D /* Preferences.storyboard in Resources */ = {isa = PBXBuildFile; fileRef = B2B92BF01EB05F3500278E7D /* Preferences.storyboard */; };
		B2C1D07F1EB1115300B6186B /* iBroker.help in Resources */ = {isa = PBXBuildFile; fileRef = B2C1D07E1EB1115300B6186B /* iBroker.help */; };
		B2EE3EF81EC4A7C900D71791 /* Brokerage.m in Sources */ = {isa = PBXBuildFile; fileRef = B2EE3EF71EC4A7C900D71791 /* Brokerage.m */; };
		B2EF257C1EC5B2E000C79B2E /* Algorithm.m in Sources */ = {isa = PBXBuildFile; fileRef = B2EF257B1EC5B2E000C79B2E /* Algorithm.m */; };
		B2FA69351E93F2A300C47199 /* main.m in Sources */ = {isa = PBXBuildFile; fileRef = B2FA69341E93F2A300C47199 /* main.m */; };
		B2FA693A1E93F2A300C47199 /* Assets.xcassets in Resources */ = {isa = PBXBuildFile; fileRef = B2FA69391E93F2A300C47199 /* Assets.xcassets */; };
		B2FA693D1E93F2A300C47199 /* Main.storyboard in Resources */ = {isa = PBXBuildFile; fileRef = B2FA693B1E93F2A300C47199 /* Main.storyboard */; };
		B2FF15D01EB034E400F65E6B /* AddressViewController.m in Sources */ = {isa = PBXBuildFile; fileRef = B2FF15CF1EB034E400F65E6B /* AddressViewController.m */; };
		B2FF15D31EB034FF00F65E6B /* RatingsViewController.m in Sources */ = {isa = PBXBuildFile; fileRef = B2FF15D21EB034FF00F65E6B /* RatingsViewController.m */; };
		B2FF15EC1EB0384300F65E6B /* TabViewController.m in Sources */ = {isa = PBXBuildFile; fileRef = B2FF15E71EB0384300F65E6B /* TabViewController.m */; };
		B2FF15ED1EB0384300F65E6B /* TemplateViewController.m in Sources */ = {isa = PBXBuildFile; fileRef = B2FF15E91EB0384300F65E6B /* TemplateViewController.m */; };
		B2FF15F31EB038A900F65E6B /* Helper.m in Sources */ = {isa = PBXBuildFile; fileRef = B2FF15F01EB038A900F65E6B /* Helper.m */; };
		B2FF15F41EB038A900F65E6B /* TabView.m in Sources */ = {isa = PBXBuildFile; fileRef = B2FF15F21EB038A900F65E6B /* TabView.m */; };
		B2FF15F81EB038F900F65E6B /* AppDelegate.m in Sources */ = {isa = PBXBuildFile; fileRef = B2FF15F71EB038F900F65E6B /* AppDelegate.m */; };
/* End PBXBuildFile section */

/* Begin PBXCopyFilesBuildPhase section */
		B25106D01EB734A80092D911 /* CopyFiles */ = {
			isa = PBXCopyFilesBuildPhase;
			buildActionMask = 2147483647;
			dstPath = /usr/share/man/man1/;
			dstSubfolderSpec = 0;
			files = (
			);
			runOnlyForDeploymentPostprocessing = 1;
		};
/* End PBXCopyFilesBuildPhase section */

/* Begin PBXFileReference section */
		43D6F713419AF161FD0FB69C /* Calculator.m */ = {isa = PBXFileReference; fileEncoding = 4; lastKnownFileType = sourcecode.c.objc; path = Calculator.m; sourceTree = "<group>"; };
		43D6FAB9704D5BBC4D376F07 /* Calculator.h */ = {isa = PBXFileReference; fileEncoding = 4; lastKnownFileType = sourcecode.c.h; path = Calculator.h; sourceTree = "<group>"; };
		B224E8251EC8E8F30039A911 /* en */ = {isa = PBXFileReference; lastKnownFileType = text.plist.strings; name = en; path = en.lproj/Main.strings; sourceTree = "<group>"; };
		B224E8271EC8E9EF0039A911 /* en */ = {isa = PBXFileReference; lastKnownFileType = text.plist.strings; name = en; path = en.lproj/Preferences.strings; sourceTree = "<group>"; };
		B224E8321EC8F4840039A911 /* Base */ = {isa = PBXFileReference; lastKnownFileType = text.plist.strings; name = Base; path = Base.lproj/Localizable.strings; sourceTree = "<group>"; };
		B224E8341EC8F48A0039A911 /* en */ = {isa = PBXFileReference; lastKnownFileType = text.plist.strings; name = en; path = en.lproj/Localizable.strings; sourceTree = "<group>"; };
		B25106D21EB734A80092D911 /* iBrokerDaemon */ = {isa = PBXFileReference; explicitFileType = "compiled.mach-o.executable"; includeInIndex = 0; path = iBrokerDaemon; sourceTree = BUILT_PRODUCTS_DIR; };
		B25106D41EB734A80092D911 /* main.m */ = {isa = PBXFileReference; lastKnownFileType = sourcecode.c.objc; path = main.m; sourceTree = "<group>"; };
		B25106DA1EB7356F0092D911 /* Calculator.h */ = {isa = PBXFileReference; fileEncoding = 4; lastKnownFileType = sourcecode.c.h; path = Calculator.h; sourceTree = "<group>"; };
		B25106DB1EB7356F0092D911 /* Calculator.m */ = {isa = PBXFileReference; fileEncoding = 4; lastKnownFileType = sourcecode.c.objc; path = Calculator.m; sourceTree = "<group>"; };
		B25106DC1EB7356F0092D911 /* Helper.h */ = {isa = PBXFileReference; fileEncoding = 4; lastKnownFileType = sourcecode.c.h; path = Helper.h; sourceTree = "<group>"; };
		B25106DD1EB7356F0092D911 /* Helper.m */ = {isa = PBXFileReference; fileEncoding = 4; lastKnownFileType = sourcecode.c.objc; path = Helper.m; sourceTree = "<group>"; };
		B25106DE1EB7356F0092D911 /* TabView.h */ = {isa = PBXFileReference; fileEncoding = 4; lastKnownFileType = sourcecode.c.h; path = TabView.h; sourceTree = "<group>"; };
		B25106DF1EB7356F0092D911 /* TabView.m */ = {isa = PBXFileReference; fileEncoding = 4; lastKnownFileType = sourcecode.c.objc; path = TabView.m; sourceTree = "<group>"; };
		B2B92BEF1EB05F3500278E7D /* Base */ = {isa = PBXFileReference; lastKnownFileType = file.storyboard; name = Base; path = Base.lproj/Preferences.storyboard; sourceTree = "<group>"; };
		B2C1D07E1EB1115300B6186B /* iBroker.help */ = {isa = PBXFileReference; lastKnownFileType = folder; path = iBroker.help; sourceTree = "<group>"; };
		B2EE3EF61EC4A7C900D71791 /* Brokerage.h */ = {isa = PBXFileReference; fileEncoding = 4; lastKnownFileType = sourcecode.c.h; path = Brokerage.h; sourceTree = "<group>"; };
		B2EE3EF71EC4A7C900D71791 /* Brokerage.m */ = {isa = PBXFileReference; fileEncoding = 4; lastKnownFileType = sourcecode.c.objc; path = Brokerage.m; sourceTree = "<group>"; };
		B2EF257A1EC5B2E000C79B2E /* Algorithm.h */ = {isa = PBXFileReference; fileEncoding = 4; lastKnownFileType = sourcecode.c.h; path = Algorithm.h; sourceTree = "<group>"; };
		B2EF257B1EC5B2E000C79B2E /* Algorithm.m */ = {isa = PBXFileReference; fileEncoding = 4; lastKnownFileType = sourcecode.c.objc; path = Algorithm.m; sourceTree = "<group>"; };
		B2FA692D1E93F2A300C47199 /* iBroker.app */ = {isa = PBXFileReference; explicitFileType = wrapper.application; includeInIndex = 0; path = iBroker.app; sourceTree = BUILT_PRODUCTS_DIR; };
		B2FA69341E93F2A300C47199 /* main.m */ = {isa = PBXFileReference; lastKnownFileType = sourcecode.c.objc; path = main.m; sourceTree = "<group>"; };
		B2FA69391E93F2A300C47199 /* Assets.xcassets */ = {isa = PBXFileReference; lastKnownFileType = folder.assetcatalog; path = Assets.xcassets; sourceTree = "<group>"; };
		B2FA693C1E93F2A300C47199 /* Base */ = {isa = PBXFileReference; lastKnownFileType = file.storyboard; name = Base; path = Base.lproj/Main.storyboard; sourceTree = "<group>"; };
		B2FA693E1E93F2A300C47199 /* Info.plist */ = {isa = PBXFileReference; lastKnownFileType = text.plist.xml; path = Info.plist; sourceTree = "<group>"; };
		B2FF15CE1EB034E400F65E6B /* AddressViewController.h */ = {isa = PBXFileReference; fileEncoding = 4; lastKnownFileType = sourcecode.c.h; name = AddressViewController.h; path = preferences/AddressViewController.h; sourceTree = "<group>"; };
		B2FF15CF1EB034E400F65E6B /* AddressViewController.m */ = {isa = PBXFileReference; fileEncoding = 4; lastKnownFileType = sourcecode.c.objc; name = AddressViewController.m; path = preferences/AddressViewController.m; sourceTree = "<group>"; };
		B2FF15D11EB034FF00F65E6B /* RatingsViewController.h */ = {isa = PBXFileReference; fileEncoding = 4; lastKnownFileType = sourcecode.c.h; name = RatingsViewController.h; path = preferences/RatingsViewController.h; sourceTree = "<group>"; };
		B2FF15D21EB034FF00F65E6B /* RatingsViewController.m */ = {isa = PBXFileReference; fileEncoding = 4; lastKnownFileType = sourcecode.c.objc; name = RatingsViewController.m; path = preferences/RatingsViewController.m; sourceTree = "<group>"; };
		B2FF15E61EB0384300F65E6B /* TabViewController.h */ = {isa = PBXFileReference; fileEncoding = 4; lastKnownFileType = sourcecode.c.h; path = TabViewController.h; sourceTree = "<group>"; };
		B2FF15E71EB0384300F65E6B /* TabViewController.m */ = {isa = PBXFileReference; fileEncoding = 4; lastKnownFileType = sourcecode.c.objc; path = TabViewController.m; sourceTree = "<group>"; };
		B2FF15E81EB0384300F65E6B /* TemplateViewController.h */ = {isa = PBXFileReference; fileEncoding = 4; lastKnownFileType = sourcecode.c.h; path = TemplateViewController.h; sourceTree = "<group>"; };
		B2FF15E91EB0384300F65E6B /* TemplateViewController.m */ = {isa = PBXFileReference; fileEncoding = 4; lastKnownFileType = sourcecode.c.objc; path = TemplateViewController.m; sourceTree = "<group>"; };
		B2FF15EF1EB038A900F65E6B /* Helper.h */ = {isa = PBXFileReference; fileEncoding = 4; lastKnownFileType = sourcecode.c.h; path = Helper.h; sourceTree = "<group>"; };
		B2FF15F01EB038A900F65E6B /* Helper.m */ = {isa = PBXFileReference; fileEncoding = 4; lastKnownFileType = sourcecode.c.objc; path = Helper.m; sourceTree = "<group>"; };
		B2FF15F11EB038A900F65E6B /* TabView.h */ = {isa = PBXFileReference; fileEncoding = 4; lastKnownFileType = sourcecode.c.h; path = TabView.h; sourceTree = "<group>"; };
		B2FF15F21EB038A900F65E6B /* TabView.m */ = {isa = PBXFileReference; fileEncoding = 4; lastKnownFileType = sourcecode.c.objc; path = TabView.m; sourceTree = "<group>"; };
		B2FF15F61EB038F900F65E6B /* AppDelegate.h */ = {isa = PBXFileReference; fileEncoding = 4; lastKnownFileType = sourcecode.c.h; path = AppDelegate.h; sourceTree = "<group>"; };
		B2FF15F71EB038F900F65E6B /* AppDelegate.m */ = {isa = PBXFileReference; fileEncoding = 4; lastKnownFileType = sourcecode.c.objc; path = AppDelegate.m; sourceTree = "<group>"; };
/* End PBXFileReference section */

/* Begin PBXFrameworksBuildPhase section */
		B25106CF1EB734A80092D911 /* Frameworks */ = {
			isa = PBXFrameworksBuildPhase;
			buildActionMask = 2147483647;
			files = (
			);
			runOnlyForDeploymentPostprocessing = 0;
		};
		B2FA692A1E93F2A300C47199 /* Frameworks */ = {
			isa = PBXFrameworksBuildPhase;
			buildActionMask = 2147483647;
			files = (
			);
			runOnlyForDeploymentPostprocessing = 0;
		};
/* End PBXFrameworksBuildPhase section */

/* Begin PBXGroup section */
		B247B6771EB02B9D002D4FCB /* Preferences */ = {
			isa = PBXGroup;
			children = (
				B2B92BF01EB05F3500278E7D /* Preferences.storyboard */,
				B2FF15CE1EB034E400F65E6B /* AddressViewController.h */,
				B2FF15CF1EB034E400F65E6B /* AddressViewController.m */,
				B2FF15D11EB034FF00F65E6B /* RatingsViewController.h */,
				B2FF15D21EB034FF00F65E6B /* RatingsViewController.m */,
			);
			name = Preferences;
			sourceTree = "<group>";
		};
		B25106D31EB734A80092D911 /* iBrokerDaemon */ = {
			isa = PBXGroup;
			children = (
				B25106D91EB7356F0092D911 /* Common */,
				B25106D41EB734A80092D911 /* main.m */,
			);
			path = iBrokerDaemon;
			sourceTree = "<group>";
		};
		B25106D91EB7356F0092D911 /* Common */ = {
			isa = PBXGroup;
			children = (
				B25106DA1EB7356F0092D911 /* Calculator.h */,
				B25106DB1EB7356F0092D911 /* Calculator.m */,
				B25106DC1EB7356F0092D911 /* Helper.h */,
				B25106DD1EB7356F0092D911 /* Helper.m */,
				B25106DE1EB7356F0092D911 /* TabView.h */,
				B25106DF1EB7356F0092D911 /* TabView.m */,
			);
			name = Common;
			path = iBroker/Common;
			sourceTree = SOURCE_ROOT;
		};
		B275C33A1EC3F4AF00147099 /* Brokerage */ = {
			isa = PBXGroup;
			children = (
				B2EE3EF61EC4A7C900D71791 /* Brokerage.h */,
				B2EE3EF71EC4A7C900D71791 /* Brokerage.m */,
				B2EF257A1EC5B2E000C79B2E /* Algorithm.h */,
				B2EF257B1EC5B2E000C79B2E /* Algorithm.m */,
			);
			path = Brokerage;
			sourceTree = "<group>";
		};
		B2FA69241E93F2A300C47199 = {
			isa = PBXGroup;
			children = (
				B2C1D07E1EB1115300B6186B /* iBroker.help */,
				B2FA692F1E93F2A300C47199 /* iBroker */,
				B25106D31EB734A80092D911 /* iBrokerDaemon */,
				B2FA692E1E93F2A300C47199 /* Products */,
			);
			sourceTree = "<group>";
		};
		B2FA692E1E93F2A300C47199 /* Products */ = {
			isa = PBXGroup;
			children = (
				B2FA692D1E93F2A300C47199 /* iBroker.app */,
				B25106D21EB734A80092D911 /* iBrokerDaemon */,
			);
			name = Products;
			sourceTree = "<group>";
		};
		B2FA692F1E93F2A300C47199 /* iBroker */ = {
			isa = PBXGroup;
			children = (
				B275C33A1EC3F4AF00147099 /* Brokerage */,
				B2FF15F51EB038F900F65E6B /* AppDelegate */,
				B2FF15EE1EB038A900F65E6B /* Common */,
				B2FF15E11EB0384300F65E6B /* Dashboard */,
				B247B6771EB02B9D002D4FCB /* Preferences */,
				B2FA69391E93F2A300C47199 /* Assets.xcassets */,
				B2FA693B1E93F2A300C47199 /* Main.storyboard */,
				B2FA693E1E93F2A300C47199 /* Info.plist */,
				B2FA69331E93F2A300C47199 /* Supporting Files */,
			);
			path = iBroker;
			sourceTree = "<group>";
		};
		B2FA69331E93F2A300C47199 /* Supporting Files */ = {
			isa = PBXGroup;
			children = (
				B2FA69341E93F2A300C47199 /* main.m */,
				B224E8331EC8F4840039A911 /* Localizable.strings */,
			);
			name = "Supporting Files";
			sourceTree = "<group>";
		};
		B2FF15E11EB0384300F65E6B /* Dashboard */ = {
			isa = PBXGroup;
			children = (
				B2FF15E61EB0384300F65E6B /* TabViewController.h */,
				B2FF15E71EB0384300F65E6B /* TabViewController.m */,
				B2FF15E81EB0384300F65E6B /* TemplateViewController.h */,
				B2FF15E91EB0384300F65E6B /* TemplateViewController.m */,
			);
			path = Dashboard;
			sourceTree = "<group>";
		};
		B2FF15EE1EB038A900F65E6B /* Common */ = {
			isa = PBXGroup;
			children = (
				B2FF15EF1EB038A900F65E6B /* Helper.h */,
				B2FF15F01EB038A900F65E6B /* Helper.m */,
				B2FF15F11EB038A900F65E6B /* TabView.h */,
				B2FF15F21EB038A900F65E6B /* TabView.m */,
				43D6F713419AF161FD0FB69C /* Calculator.m */,
				43D6FAB9704D5BBC4D376F07 /* Calculator.h */,
			);
			path = Common;
			sourceTree = "<group>";
		};
		B2FF15F51EB038F900F65E6B /* AppDelegate */ = {
			isa = PBXGroup;
			children = (
				B2FF15F61EB038F900F65E6B /* AppDelegate.h */,
				B2FF15F71EB038F900F65E6B /* AppDelegate.m */,
			);
			path = AppDelegate;
			sourceTree = "<group>";
		};
/* End PBXGroup section */

/* Begin PBXNativeTarget section */
		B25106D11EB734A80092D911 /* iBrokerDaemon */ = {
			isa = PBXNativeTarget;
			buildConfigurationList = B25106D81EB734A80092D911 /* Build configuration list for PBXNativeTarget "iBrokerDaemon" */;
			buildPhases = (
				B25106CE1EB734A80092D911 /* Sources */,
				B25106CF1EB734A80092D911 /* Frameworks */,
				B25106D01EB734A80092D911 /* CopyFiles */,
			);
			buildRules = (
			);
			dependencies = (
			);
			name = iBrokerDaemon;
			productName = iBrokerDaemon;
			productReference = B25106D21EB734A80092D911 /* iBrokerDaemon */;
			productType = "com.apple.product-type.tool";
		};
		B2FA692C1E93F2A300C47199 /* iBroker */ = {
			isa = PBXNativeTarget;
			buildConfigurationList = B2FA69411E93F2A300C47199 /* Build configuration list for PBXNativeTarget "iBroker" */;
			buildPhases = (
				B2FA69291E93F2A300C47199 /* Sources */,
				B2FA692A1E93F2A300C47199 /* Frameworks */,
				B2FA692B1E93F2A300C47199 /* Resources */,
			);
			buildRules = (
			);
			dependencies = (
			);
			name = iBroker;
			productName = iBroker;
			productReference = B2FA692D1E93F2A300C47199 /* iBroker.app */;
			productType = "com.apple.product-type.application";
		};
/* End PBXNativeTarget section */

/* Begin PBXProject section */
		B2FA69251E93F2A300C47199 /* Project object */ = {
			isa = PBXProject;
			attributes = {
				LastUpgradeCheck = 0720;
				ORGANIZATIONNAME = "Markus Bröker";
				TargetAttributes = {
					B25106D11EB734A80092D911 = {
						CreatedOnToolsVersion = 7.2.1;
					};
					B2FA692C1E93F2A300C47199 = {
						CreatedOnToolsVersion = 7.2.1;
						DevelopmentTeam = NS52DCTHFQ;
					};
				};
			};
			buildConfigurationList = B2FA69281E93F2A300C47199 /* Build configuration list for PBXProject "iBroker" */;
			compatibilityVersion = "Xcode 3.2";
			developmentRegion = English;
			hasScannedForEncodings = 0;
			knownRegions = (
				en,
				Base,
				de,
				English,
			);
			mainGroup = B2FA69241E93F2A300C47199;
			productRefGroup = B2FA692E1E93F2A300C47199 /* Products */;
			projectDirPath = "";
			projectRoot = "";
			targets = (
				B2FA692C1E93F2A300C47199 /* iBroker */,
				B25106D11EB734A80092D911 /* iBrokerDaemon */,
			);
		};
/* End PBXProject section */

/* Begin PBXResourcesBuildPhase section */
		B2FA692B1E93F2A300C47199 /* Resources */ = {
			isa = PBXResourcesBuildPhase;
			buildActionMask = 2147483647;
			files = (
				B224E8311EC8F4840039A911 /* Localizable.strings in Resources */,
				B2FA693A1E93F2A300C47199 /* Assets.xcassets in Resources */,
				B2C1D07F1EB1115300B6186B /* iBroker.help in Resources */,
				B2FA693D1E93F2A300C47199 /* Main.storyboard in Resources */,
				B2B92BEE1EB05F3500278E7D /* Preferences.storyboard in Resources */,
			);
			runOnlyForDeploymentPostprocessing = 0;
		};
/* End PBXResourcesBuildPhase section */

/* Begin PBXSourcesBuildPhase section */
		B25106CE1EB734A80092D911 /* Sources */ = {
			isa = PBXSourcesBuildPhase;
			buildActionMask = 2147483647;
			files = (
				B25106D51EB734A80092D911 /* main.m in Sources */,
				B25106E11EB7356F0092D911 /* Helper.m in Sources */,
				B25106E21EB7356F0092D911 /* TabView.m in Sources */,
				B25106E01EB7356F0092D911 /* Calculator.m in Sources */,
			);
			runOnlyForDeploymentPostprocessing = 0;
		};
		B2FA69291E93F2A300C47199 /* Sources */ = {
			isa = PBXSourcesBuildPhase;
			buildActionMask = 2147483647;
			files = (
				B2FF15EC1EB0384300F65E6B /* TabViewController.m in Sources */,
				B2FF15ED1EB0384300F65E6B /* TemplateViewController.m in Sources */,
				B2FF15F81EB038F900F65E6B /* AppDelegate.m in Sources */,
				B2EF257C1EC5B2E000C79B2E /* Algorithm.m in Sources */,
				B2FF15D31EB034FF00F65E6B /* RatingsViewController.m in Sources */,
				B2FF15D01EB034E400F65E6B /* AddressViewController.m in Sources */,
				B2FA69351E93F2A300C47199 /* main.m in Sources */,
				B2EE3EF81EC4A7C900D71791 /* Brokerage.m in Sources */,
				B2FF15F41EB038A900F65E6B /* TabView.m in Sources */,
				B2FF15F31EB038A900F65E6B /* Helper.m in Sources */,
				43D6F9651A12E3B7440D164B /* Calculator.m in Sources */,
			);
			runOnlyForDeploymentPostprocessing = 0;
		};
/* End PBXSourcesBuildPhase section */

/* Begin PBXVariantGroup section */
		B224E8331EC8F4840039A911 /* Localizable.strings */ = {
			isa = PBXVariantGroup;
			children = (
				B224E8321EC8F4840039A911 /* Base */,
				B224E8341EC8F48A0039A911 /* en */,
			);
			name = Localizable.strings;
			sourceTree = "<group>";
		};
		B2B92BF01EB05F3500278E7D /* Preferences.storyboard */ = {
			isa = PBXVariantGroup;
			children = (
				B2B92BEF1EB05F3500278E7D /* Base */,
				B224E8271EC8E9EF0039A911 /* en */,
			);
			name = Preferences.storyboard;
			path = preferences;
			sourceTree = "<group>";
		};
		B2FA693B1E93F2A300C47199 /* Main.storyboard */ = {
			isa = PBXVariantGroup;
			children = (
				B2FA693C1E93F2A300C47199 /* Base */,
				B224E8251EC8E8F30039A911 /* en */,
			);
			name = Main.storyboard;
			sourceTree = "<group>";
		};
/* End PBXVariantGroup section */

/* Begin XCBuildConfiguration section */
		B25106D61EB734A80092D911 /* Debug */ = {
			isa = XCBuildConfiguration;
			buildSettings = {
				PRODUCT_NAME = "$(TARGET_NAME)";
			};
			name = Debug;
		};
		B25106D71EB734A80092D911 /* Release */ = {
			isa = XCBuildConfiguration;
			buildSettings = {
				PRODUCT_NAME = "$(TARGET_NAME)";
			};
			name = Release;
		};
		B2FA693F1E93F2A300C47199 /* Debug */ = {
			isa = XCBuildConfiguration;
			buildSettings = {
				ALWAYS_SEARCH_USER_PATHS = NO;
				CLANG_CXX_LANGUAGE_STANDARD = "gnu++0x";
				CLANG_CXX_LIBRARY = "libc++";
				CLANG_ENABLE_MODULES = YES;
				CLANG_ENABLE_OBJC_ARC = YES;
				CLANG_WARN_BOOL_CONVERSION = YES;
				CLANG_WARN_CONSTANT_CONVERSION = YES;
				CLANG_WARN_DIRECT_OBJC_ISA_USAGE = YES_ERROR;
				CLANG_WARN_EMPTY_BODY = YES;
				CLANG_WARN_ENUM_CONVERSION = YES;
				CLANG_WARN_INT_CONVERSION = YES;
				CLANG_WARN_OBJC_ROOT_CLASS = YES_ERROR;
				CLANG_WARN_UNREACHABLE_CODE = YES;
				CLANG_WARN__DUPLICATE_METHOD_MATCH = YES;
				CODE_SIGN_IDENTITY = "-";
				COPY_PHASE_STRIP = NO;
				DEBUG_INFORMATION_FORMAT = dwarf;
				ENABLE_STRICT_OBJC_MSGSEND = YES;
				ENABLE_TESTABILITY = YES;
				GCC_C_LANGUAGE_STANDARD = gnu99;
				GCC_DYNAMIC_NO_PIC = NO;
				GCC_NO_COMMON_BLOCKS = YES;
				GCC_OPTIMIZATION_LEVEL = 0;
				GCC_PREPROCESSOR_DEFINITIONS = (
					"DEBUG=1",
					"$(inherited)",
				);
				GCC_WARN_64_TO_32_BIT_CONVERSION = YES;
				GCC_WARN_ABOUT_RETURN_TYPE = YES_ERROR;
				GCC_WARN_UNDECLARED_SELECTOR = YES;
				GCC_WARN_UNINITIALIZED_AUTOS = YES_AGGRESSIVE;
				GCC_WARN_UNUSED_FUNCTION = YES;
				GCC_WARN_UNUSED_VARIABLE = YES;
				MACOSX_DEPLOYMENT_TARGET = 10.10;
				MTL_ENABLE_DEBUG_INFO = YES;
				ONLY_ACTIVE_ARCH = YES;
				SDKROOT = macosx;
			};
			name = Debug;
		};
		B2FA69401E93F2A300C47199 /* Release */ = {
			isa = XCBuildConfiguration;
			buildSettings = {
				ALWAYS_SEARCH_USER_PATHS = NO;
				CLANG_CXX_LANGUAGE_STANDARD = "gnu++0x";
				CLANG_CXX_LIBRARY = "libc++";
				CLANG_ENABLE_MODULES = YES;
				CLANG_ENABLE_OBJC_ARC = YES;
				CLANG_WARN_BOOL_CONVERSION = YES;
				CLANG_WARN_CONSTANT_CONVERSION = YES;
				CLANG_WARN_DIRECT_OBJC_ISA_USAGE = YES_ERROR;
				CLANG_WARN_EMPTY_BODY = YES;
				CLANG_WARN_ENUM_CONVERSION = YES;
				CLANG_WARN_INT_CONVERSION = YES;
				CLANG_WARN_OBJC_ROOT_CLASS = YES_ERROR;
				CLANG_WARN_UNREACHABLE_CODE = YES;
				CLANG_WARN__DUPLICATE_METHOD_MATCH = YES;
				CODE_SIGN_IDENTITY = "-";
				COPY_PHASE_STRIP = NO;
				DEBUG_INFORMATION_FORMAT = "dwarf-with-dsym";
				ENABLE_NS_ASSERTIONS = NO;
				ENABLE_STRICT_OBJC_MSGSEND = YES;
				GCC_C_LANGUAGE_STANDARD = gnu99;
				GCC_NO_COMMON_BLOCKS = YES;
				GCC_WARN_64_TO_32_BIT_CONVERSION = YES;
				GCC_WARN_ABOUT_RETURN_TYPE = YES_ERROR;
				GCC_WARN_UNDECLARED_SELECTOR = YES;
				GCC_WARN_UNINITIALIZED_AUTOS = YES_AGGRESSIVE;
				GCC_WARN_UNUSED_FUNCTION = YES;
				GCC_WARN_UNUSED_VARIABLE = YES;
				MACOSX_DEPLOYMENT_TARGET = 10.10;
				MTL_ENABLE_DEBUG_INFO = NO;
				SDKROOT = macosx;
			};
			name = Release;
		};
		B2FA69421E93F2A300C47199 /* Debug */ = {
			isa = XCBuildConfiguration;
			buildSettings = {
				ASSETCATALOG_COMPILER_APPICON_NAME = AppIcon;
				CODE_SIGN_IDENTITY = "Developer ID Application";
				"CODE_SIGN_IDENTITY[sdk=macosx*]" = "Mac Developer";
				COMBINE_HIDPI_IMAGES = YES;
				INFOPLIST_FILE = iBroker/Info.plist;
				LD_RUNPATH_SEARCH_PATHS = "$(inherited) @executable_path/../Frameworks";
				PRODUCT_BUNDLE_IDENTIFIER = de.4customers.iBroker;
				PRODUCT_NAME = "$(TARGET_NAME)";
				PROVISIONING_PROFILE = "";
			};
			name = Debug;
		};
		B2FA69431E93F2A300C47199 /* Release */ = {
			isa = XCBuildConfiguration;
			buildSettings = {
				ASSETCATALOG_COMPILER_APPICON_NAME = AppIcon;
				CODE_SIGN_IDENTITY = "Developer ID Application";
				"CODE_SIGN_IDENTITY[sdk=macosx*]" = "Mac Developer";
				COMBINE_HIDPI_IMAGES = YES;
				INFOPLIST_FILE = iBroker/Info.plist;
				LD_RUNPATH_SEARCH_PATHS = "$(inherited) @executable_path/../Frameworks";
				PRODUCT_BUNDLE_IDENTIFIER = de.4customers.iBroker;
				PRODUCT_NAME = "$(TARGET_NAME)";
				PROVISIONING_PROFILE = "";
			};
			name = Release;
		};
/* End XCBuildConfiguration section */

/* Begin XCConfigurationList section */
		B25106D81EB734A80092D911 /* Build configuration list for PBXNativeTarget "iBrokerDaemon" */ = {
			isa = XCConfigurationList;
			buildConfigurations = (
				B25106D61EB734A80092D911 /* Debug */,
				B25106D71EB734A80092D911 /* Release */,
			);
			defaultConfigurationIsVisible = 0;
			defaultConfigurationName = Release;
		};
		B2FA69281E93F2A300C47199 /* Build configuration list for PBXProject "iBroker" */ = {
			isa = XCConfigurationList;
			buildConfigurations = (
				B2FA693F1E93F2A300C47199 /* Debug */,
				B2FA69401E93F2A300C47199 /* Release */,
			);
			defaultConfigurationIsVisible = 0;
			defaultConfigurationName = Release;
		};
		B2FA69411E93F2A300C47199 /* Build configuration list for PBXNativeTarget "iBroker" */ = {
			isa = XCConfigurationList;
			buildConfigurations = (
				B2FA69421E93F2A300C47199 /* Debug */,
				B2FA69431E93F2A300C47199 /* Release */,
			);
			defaultConfigurationIsVisible = 0;
			defaultConfigurationName = Release;
		};
/* End XCConfigurationList section */
	};
	rootObject = B2FA69251E93F2A300C47199 /* Project object */;
}
